
Microsoft Visual Studio Solution File, Format Version 12.00
# Visual Studio Version 17
VisualStudioVersion = 17.2.32526.322
MinimumVisualStudioVersion = 10.0.40219.1
Project("{2150E333-8FDC-42A3-9474-1A3956D46DE8}") = "2022", "2022", "{0481F2DB-7D15-47CA-AE43-7A9DF77C6979}"
EndProject
Project("{9A19103F-16F7-4668-BE54-9A1E7A4F7556}") = "Day01", "2022\Day01\Day01.csproj", "{13DCB894-4401-4396-A9D8-ACAC3C0311DC}"
EndProject
Project("{9A19103F-16F7-4668-BE54-9A1E7A4F7556}") = "Day12", "2022\Day12\Day12.csproj", "{01FA7E7B-F53A-47A3-8F70-1E304CE843A3}"
EndProject
Project("{9A19103F-16F7-4668-BE54-9A1E7A4F7556}") = "Day13", "2022\Day13\Day13.csproj", "{23A44DDE-CECB-4608-969E-87EDB6BFE78B}"
EndProject
Project("{9A19103F-16F7-4668-BE54-9A1E7A4F7556}") = "Day14", "2022\Day14\Day14.csproj", "{82B6360C-F453-4784-A949-2D6661E9706C}"
EndProject
Project("{9A19103F-16F7-4668-BE54-9A1E7A4F7556}") = "Day15", "2022\Day15\Day15.csproj", "{76C042BA-5EE0-44ED-AC0A-05C4A60EFBB2}"
EndProject
Project("{9A19103F-16F7-4668-BE54-9A1E7A4F7556}") = "Helpers", "Helpers\Helpers.csproj", "{12807089-6EF5-42BD-B449-E15FE61B608B}"
EndProject
Project("{9A19103F-16F7-4668-BE54-9A1E7A4F7556}") = "Day17", "2022\Day17\Day17.csproj", "{1DDE917E-A4F3-4C11-BCD1-1B47165A28F8}"
EndProject
Project("{9A19103F-16F7-4668-BE54-9A1E7A4F7556}") = "Day18", "2022\Day18\Day18.csproj", "{A8FC6312-4A08-427E-813D-85641431C81E}"
EndProject
Project("{9A19103F-16F7-4668-BE54-9A1E7A4F7556}") = "Day02", "2022\Day02\Day02.csproj", "{006C3690-E188-4396-93DA-5B0FBCA7CD41}"
EndProject
Project("{FAE04EC0-301F-11D3-BF4B-00C04F79EFBC}") = "Day20", "2022\Day20\Day20.csproj", "{0C2F83CD-3588-408C-AE4D-FFC186566E3A}"
EndProject
Global
	GlobalSection(SolutionConfigurationPlatforms) = preSolution
		Debug|Any CPU = Debug|Any CPU
		Release|Any CPU = Release|Any CPU
	EndGlobalSection
	GlobalSection(ProjectConfigurationPlatforms) = postSolution
		{13DCB894-4401-4396-A9D8-ACAC3C0311DC}.Debug|Any CPU.ActiveCfg = Debug|Any CPU
		{13DCB894-4401-4396-A9D8-ACAC3C0311DC}.Debug|Any CPU.Build.0 = Debug|Any CPU
		{13DCB894-4401-4396-A9D8-ACAC3C0311DC}.Release|Any CPU.ActiveCfg = Release|Any CPU
		{13DCB894-4401-4396-A9D8-ACAC3C0311DC}.Release|Any CPU.Build.0 = Release|Any CPU
		{01FA7E7B-F53A-47A3-8F70-1E304CE843A3}.Debug|Any CPU.ActiveCfg = Debug|Any CPU
		{01FA7E7B-F53A-47A3-8F70-1E304CE843A3}.Debug|Any CPU.Build.0 = Debug|Any CPU
		{01FA7E7B-F53A-47A3-8F70-1E304CE843A3}.Release|Any CPU.ActiveCfg = Release|Any CPU
		{01FA7E7B-F53A-47A3-8F70-1E304CE843A3}.Release|Any CPU.Build.0 = Release|Any CPU
		{23A44DDE-CECB-4608-969E-87EDB6BFE78B}.Debug|Any CPU.ActiveCfg = Debug|Any CPU
		{23A44DDE-CECB-4608-969E-87EDB6BFE78B}.Debug|Any CPU.Build.0 = Debug|Any CPU
		{23A44DDE-CECB-4608-969E-87EDB6BFE78B}.Release|Any CPU.ActiveCfg = Release|Any CPU
		{23A44DDE-CECB-4608-969E-87EDB6BFE78B}.Release|Any CPU.Build.0 = Release|Any CPU
		{82B6360C-F453-4784-A949-2D6661E9706C}.Debug|Any CPU.ActiveCfg = Debug|Any CPU
		{82B6360C-F453-4784-A949-2D6661E9706C}.Debug|Any CPU.Build.0 = Debug|Any CPU
		{82B6360C-F453-4784-A949-2D6661E9706C}.Release|Any CPU.ActiveCfg = Release|Any CPU
		{82B6360C-F453-4784-A949-2D6661E9706C}.Release|Any CPU.Build.0 = Release|Any CPU
		{76C042BA-5EE0-44ED-AC0A-05C4A60EFBB2}.Debug|Any CPU.ActiveCfg = Debug|Any CPU
		{76C042BA-5EE0-44ED-AC0A-05C4A60EFBB2}.Debug|Any CPU.Build.0 = Debug|Any CPU
		{76C042BA-5EE0-44ED-AC0A-05C4A60EFBB2}.Release|Any CPU.ActiveCfg = Release|Any CPU
		{76C042BA-5EE0-44ED-AC0A-05C4A60EFBB2}.Release|Any CPU.Build.0 = Release|Any CPU
		{12807089-6EF5-42BD-B449-E15FE61B608B}.Debug|Any CPU.ActiveCfg = Debug|Any CPU
		{12807089-6EF5-42BD-B449-E15FE61B608B}.Debug|Any CPU.Build.0 = Debug|Any CPU
		{12807089-6EF5-42BD-B449-E15FE61B608B}.Release|Any CPU.ActiveCfg = Release|Any CPU
		{12807089-6EF5-42BD-B449-E15FE61B608B}.Release|Any CPU.Build.0 = Release|Any CPU
		{1DDE917E-A4F3-4C11-BCD1-1B47165A28F8}.Debug|Any CPU.ActiveCfg = Debug|Any CPU
		{1DDE917E-A4F3-4C11-BCD1-1B47165A28F8}.Debug|Any CPU.Build.0 = Debug|Any CPU
		{1DDE917E-A4F3-4C11-BCD1-1B47165A28F8}.Release|Any CPU.ActiveCfg = Release|Any CPU
		{1DDE917E-A4F3-4C11-BCD1-1B47165A28F8}.Release|Any CPU.Build.0 = Release|Any CPU
		{A8FC6312-4A08-427E-813D-85641431C81E}.Debug|Any CPU.ActiveCfg = Debug|Any CPU
		{A8FC6312-4A08-427E-813D-85641431C81E}.Debug|Any CPU.Build.0 = Debug|Any CPU
		{A8FC6312-4A08-427E-813D-85641431C81E}.Release|Any CPU.ActiveCfg = Release|Any CPU
		{A8FC6312-4A08-427E-813D-85641431C81E}.Release|Any CPU.Build.0 = Release|Any CPU
		{006C3690-E188-4396-93DA-5B0FBCA7CD41}.Debug|Any CPU.ActiveCfg = Debug|Any CPU
		{006C3690-E188-4396-93DA-5B0FBCA7CD41}.Debug|Any CPU.Build.0 = Debug|Any CPU
		{006C3690-E188-4396-93DA-5B0FBCA7CD41}.Release|Any CPU.ActiveCfg = Release|Any CPU
		{006C3690-E188-4396-93DA-5B0FBCA7CD41}.Release|Any CPU.Build.0 = Release|Any CPU
		{0C2F83CD-3588-408C-AE4D-FFC186566E3A}.Debug|Any CPU.ActiveCfg = Debug|Any CPU
		{0C2F83CD-3588-408C-AE4D-FFC186566E3A}.Debug|Any CPU.Build.0 = Debug|Any CPU
		{0C2F83CD-3588-408C-AE4D-FFC186566E3A}.Release|Any CPU.ActiveCfg = Release|Any CPU
		{0C2F83CD-3588-408C-AE4D-FFC186566E3A}.Release|Any CPU.Build.0 = Release|Any CPU
	EndGlobalSection
	GlobalSection(SolutionProperties) = preSolution
		HideSolutionNode = FALSE
	EndGlobalSection
	GlobalSection(NestedProjects) = preSolution
		{13DCB894-4401-4396-A9D8-ACAC3C0311DC} = {0481F2DB-7D15-47CA-AE43-7A9DF77C6979}
		{01FA7E7B-F53A-47A3-8F70-1E304CE843A3} = {0481F2DB-7D15-47CA-AE43-7A9DF77C6979}
		{23A44DDE-CECB-4608-969E-87EDB6BFE78B} = {0481F2DB-7D15-47CA-AE43-7A9DF77C6979}
		{82B6360C-F453-4784-A949-2D6661E9706C} = {0481F2DB-7D15-47CA-AE43-7A9DF77C6979}
		{76C042BA-5EE0-44ED-AC0A-05C4A60EFBB2} = {0481F2DB-7D15-47CA-AE43-7A9DF77C6979}
		{1DDE917E-A4F3-4C11-BCD1-1B47165A28F8} = {0481F2DB-7D15-47CA-AE43-7A9DF77C6979}
		{A8FC6312-4A08-427E-813D-85641431C81E} = {0481F2DB-7D15-47CA-AE43-7A9DF77C6979}
		{006C3690-E188-4396-93DA-5B0FBCA7CD41} = {0481F2DB-7D15-47CA-AE43-7A9DF77C6979}
		{0C2F83CD-3588-408C-AE4D-FFC186566E3A} = {0481F2DB-7D15-47CA-AE43-7A9DF77C6979}
	EndGlobalSection
	GlobalSection(ExtensibilityGlobals) = postSolution
		SolutionGuid = {97731F54-B1C7-494C-97CC-663CB895E349}
	EndGlobalSection
EndGlobal
