
Microsoft Visual Studio Solution File, Format Version 12.00
# Visual Studio Version 17
VisualStudioVersion = 17.2.32526.322
MinimumVisualStudioVersion = 10.0.40219.1
Project("{2150E333-8FDC-42A3-9474-1A3956D46DE8}") = "2022", "2022", "{0481F2DB-7D15-47CA-AE43-7A9DF77C6979}"
EndProject
Project("{9A19103F-16F7-4668-BE54-9A1E7A4F7556}") = "Helpers", "Helpers\Helpers.csproj", "{12807089-6EF5-42BD-B449-E15FE61B608B}"
EndProject
Project("{9A19103F-16F7-4668-BE54-9A1E7A4F7556}") = "Day01", "2022\Day01\Day01.csproj", "{13DCB894-4401-4396-A9D8-ACAC3C0311DC}"
EndProject
Project("{9A19103F-16F7-4668-BE54-9A1E7A4F7556}") = "Day02", "2022\Day02\Day02.csproj", "{006C3690-E188-4396-93DA-5B0FBCA7CD41}"
EndProject
Project("{9A19103F-16F7-4668-BE54-9A1E7A4F7556}") = "Day03", "2022\Day03\Day03.csproj", "{99778CFC-E7AA-44D9-B844-161061BEE25B}"
EndProject
Project("{9A19103F-16F7-4668-BE54-9A1E7A4F7556}") = "Day04", "2022\Day04\Day04.csproj", "{452C9B4B-8133-4ADF-91A6-970A594935A1}"
EndProject
Project("{9A19103F-16F7-4668-BE54-9A1E7A4F7556}") = "Day05", "2022\Day05\Day05.csproj", "{409B582F-BA9C-479D-BF46-C34C70858B10}"
EndProject
Project("{9A19103F-16F7-4668-BE54-9A1E7A4F7556}") = "Day06", "2022\Day06\Day06.csproj", "{01C90042-7605-42AC-A0FB-ABCB4A337857}"
EndProject
Project("{9A19103F-16F7-4668-BE54-9A1E7A4F7556}") = "Day07", "2022\Day07\Day07.csproj", "{EB845E11-BD33-42B6-8E35-653001206C95}"
EndProject
Project("{9A19103F-16F7-4668-BE54-9A1E7A4F7556}") = "Day08", "2022\Day08\Day08.csproj", "{CCB5FC63-36A0-44DE-83C8-B69DBBE104D5}"
EndProject
Project("{9A19103F-16F7-4668-BE54-9A1E7A4F7556}") = "Day12", "2022\Day12\Day12.csproj", "{01FA7E7B-F53A-47A3-8F70-1E304CE843A3}"
EndProject
Project("{9A19103F-16F7-4668-BE54-9A1E7A4F7556}") = "Day13", "2022\Day13\Day13.csproj", "{23A44DDE-CECB-4608-969E-87EDB6BFE78B}"
EndProject
Project("{9A19103F-16F7-4668-BE54-9A1E7A4F7556}") = "Day14", "2022\Day14\Day14.csproj", "{82B6360C-F453-4784-A949-2D6661E9706C}"
EndProject
Project("{9A19103F-16F7-4668-BE54-9A1E7A4F7556}") = "Day15", "2022\Day15\Day15.csproj", "{76C042BA-5EE0-44ED-AC0A-05C4A60EFBB2}"
EndProject
Project("{9A19103F-16F7-4668-BE54-9A1E7A4F7556}") = "Day17", "2022\Day17\Day17.csproj", "{1DDE917E-A4F3-4C11-BCD1-1B47165A28F8}"
EndProject
Project("{9A19103F-16F7-4668-BE54-9A1E7A4F7556}") = "Day18", "2022\Day18\Day18.csproj", "{A8FC6312-4A08-427E-813D-85641431C81E}"
EndProject
Project("{9A19103F-16F7-4668-BE54-9A1E7A4F7556}") = "Day20", "2022\Day20\Day20.csproj", "{0C2F83CD-3588-408C-AE4D-FFC186566E3A}"
EndProject
Project("{9A19103F-16F7-4668-BE54-9A1E7A4F7556}") = "Day09", "2022\Day09\Day09.csproj", "{E3C56266-93D9-45A7-B5E6-9BF971AD7258}"
EndProject
Project("{9A19103F-16F7-4668-BE54-9A1E7A4F7556}") = "Day10", "2022\Day10\Day10.csproj", "{7F9C4D65-EC4B-427A-A659-BD37BFB0453A}"
EndProject
Project("{9A19103F-16F7-4668-BE54-9A1E7A4F7556}") = "Day11", "2022\Day11\Day11.csproj", "{9EA5A97B-171B-41F4-8863-1C5FF6EB9B9F}"
EndProject
Project("{2150E333-8FDC-42A3-9474-1A3956D46DE8}") = "2023", "2023", "{3C49A09C-7D01-4ED9-92C0-1BF4210BF459}"
EndProject
Project("{9A19103F-16F7-4668-BE54-9A1E7A4F7556}") = "Day01", "2023\Day01\Day01.csproj", "{AF04DCE6-F841-419D-9D1B-7A3AFEC332FA}"
EndProject
Project("{9A19103F-16F7-4668-BE54-9A1E7A4F7556}") = "Day02", "2023\Day02\Day02.csproj", "{4D9C1FD0-E300-4C33-9F10-0D05A3A23EEE}"
EndProject
Project("{9A19103F-16F7-4668-BE54-9A1E7A4F7556}") = "Day03", "2023\Day03\Day03.csproj", "{6700A3ED-E28D-4746-B2C9-8FD4EBA6C249}"
EndProject
Project("{9A19103F-16F7-4668-BE54-9A1E7A4F7556}") = "Day04", "2023\Day04\Day04.csproj", "{936AB8E7-879A-4ACC-AC7C-5ADB08A01768}"
EndProject
Project("{9A19103F-16F7-4668-BE54-9A1E7A4F7556}") = "Day05", "2023\Day05\Day05.csproj", "{A90E451E-F8A7-4A64-B120-CE0E28AA4B54}"
EndProject
Project("{9A19103F-16F7-4668-BE54-9A1E7A4F7556}") = "Day06", "2023\Day06\Day06.csproj", "{953BE85B-9004-4F75-8083-399E227F8007}"
EndProject
Global
	GlobalSection(SolutionConfigurationPlatforms) = preSolution
		Debug|Any CPU = Debug|Any CPU
		Release|Any CPU = Release|Any CPU
	EndGlobalSection
	GlobalSection(ProjectConfigurationPlatforms) = postSolution
		{12807089-6EF5-42BD-B449-E15FE61B608B}.Debug|Any CPU.ActiveCfg = Debug|Any CPU
		{12807089-6EF5-42BD-B449-E15FE61B608B}.Debug|Any CPU.Build.0 = Debug|Any CPU
		{12807089-6EF5-42BD-B449-E15FE61B608B}.Release|Any CPU.ActiveCfg = Release|Any CPU
		{12807089-6EF5-42BD-B449-E15FE61B608B}.Release|Any CPU.Build.0 = Release|Any CPU
		{13DCB894-4401-4396-A9D8-ACAC3C0311DC}.Debug|Any CPU.ActiveCfg = Debug|Any CPU
		{13DCB894-4401-4396-A9D8-ACAC3C0311DC}.Debug|Any CPU.Build.0 = Debug|Any CPU
		{13DCB894-4401-4396-A9D8-ACAC3C0311DC}.Release|Any CPU.ActiveCfg = Release|Any CPU
		{13DCB894-4401-4396-A9D8-ACAC3C0311DC}.Release|Any CPU.Build.0 = Release|Any CPU
		{006C3690-E188-4396-93DA-5B0FBCA7CD41}.Debug|Any CPU.ActiveCfg = Debug|Any CPU
		{006C3690-E188-4396-93DA-5B0FBCA7CD41}.Debug|Any CPU.Build.0 = Debug|Any CPU
		{006C3690-E188-4396-93DA-5B0FBCA7CD41}.Release|Any CPU.ActiveCfg = Release|Any CPU
		{006C3690-E188-4396-93DA-5B0FBCA7CD41}.Release|Any CPU.Build.0 = Release|Any CPU
		{99778CFC-E7AA-44D9-B844-161061BEE25B}.Debug|Any CPU.ActiveCfg = Debug|Any CPU
		{99778CFC-E7AA-44D9-B844-161061BEE25B}.Debug|Any CPU.Build.0 = Debug|Any CPU
		{99778CFC-E7AA-44D9-B844-161061BEE25B}.Release|Any CPU.ActiveCfg = Release|Any CPU
		{99778CFC-E7AA-44D9-B844-161061BEE25B}.Release|Any CPU.Build.0 = Release|Any CPU
		{452C9B4B-8133-4ADF-91A6-970A594935A1}.Debug|Any CPU.ActiveCfg = Debug|Any CPU
		{452C9B4B-8133-4ADF-91A6-970A594935A1}.Debug|Any CPU.Build.0 = Debug|Any CPU
		{452C9B4B-8133-4ADF-91A6-970A594935A1}.Release|Any CPU.ActiveCfg = Release|Any CPU
		{452C9B4B-8133-4ADF-91A6-970A594935A1}.Release|Any CPU.Build.0 = Release|Any CPU
		{409B582F-BA9C-479D-BF46-C34C70858B10}.Debug|Any CPU.ActiveCfg = Debug|Any CPU
		{409B582F-BA9C-479D-BF46-C34C70858B10}.Debug|Any CPU.Build.0 = Debug|Any CPU
		{409B582F-BA9C-479D-BF46-C34C70858B10}.Release|Any CPU.ActiveCfg = Release|Any CPU
		{409B582F-BA9C-479D-BF46-C34C70858B10}.Release|Any CPU.Build.0 = Release|Any CPU
		{01C90042-7605-42AC-A0FB-ABCB4A337857}.Debug|Any CPU.ActiveCfg = Debug|Any CPU
		{01C90042-7605-42AC-A0FB-ABCB4A337857}.Debug|Any CPU.Build.0 = Debug|Any CPU
		{01C90042-7605-42AC-A0FB-ABCB4A337857}.Release|Any CPU.ActiveCfg = Release|Any CPU
		{01C90042-7605-42AC-A0FB-ABCB4A337857}.Release|Any CPU.Build.0 = Release|Any CPU
		{EB845E11-BD33-42B6-8E35-653001206C95}.Debug|Any CPU.ActiveCfg = Debug|Any CPU
		{EB845E11-BD33-42B6-8E35-653001206C95}.Debug|Any CPU.Build.0 = Debug|Any CPU
		{EB845E11-BD33-42B6-8E35-653001206C95}.Release|Any CPU.ActiveCfg = Release|Any CPU
		{EB845E11-BD33-42B6-8E35-653001206C95}.Release|Any CPU.Build.0 = Release|Any CPU
		{CCB5FC63-36A0-44DE-83C8-B69DBBE104D5}.Debug|Any CPU.ActiveCfg = Debug|Any CPU
		{CCB5FC63-36A0-44DE-83C8-B69DBBE104D5}.Debug|Any CPU.Build.0 = Debug|Any CPU
		{CCB5FC63-36A0-44DE-83C8-B69DBBE104D5}.Release|Any CPU.ActiveCfg = Release|Any CPU
		{CCB5FC63-36A0-44DE-83C8-B69DBBE104D5}.Release|Any CPU.Build.0 = Release|Any CPU
		{01FA7E7B-F53A-47A3-8F70-1E304CE843A3}.Debug|Any CPU.ActiveCfg = Debug|Any CPU
		{01FA7E7B-F53A-47A3-8F70-1E304CE843A3}.Debug|Any CPU.Build.0 = Debug|Any CPU
		{01FA7E7B-F53A-47A3-8F70-1E304CE843A3}.Release|Any CPU.ActiveCfg = Release|Any CPU
		{01FA7E7B-F53A-47A3-8F70-1E304CE843A3}.Release|Any CPU.Build.0 = Release|Any CPU
		{23A44DDE-CECB-4608-969E-87EDB6BFE78B}.Debug|Any CPU.ActiveCfg = Debug|Any CPU
		{23A44DDE-CECB-4608-969E-87EDB6BFE78B}.Debug|Any CPU.Build.0 = Debug|Any CPU
		{23A44DDE-CECB-4608-969E-87EDB6BFE78B}.Release|Any CPU.ActiveCfg = Release|Any CPU
		{23A44DDE-CECB-4608-969E-87EDB6BFE78B}.Release|Any CPU.Build.0 = Release|Any CPU
		{82B6360C-F453-4784-A949-2D6661E9706C}.Debug|Any CPU.ActiveCfg = Debug|Any CPU
		{82B6360C-F453-4784-A949-2D6661E9706C}.Debug|Any CPU.Build.0 = Debug|Any CPU
		{82B6360C-F453-4784-A949-2D6661E9706C}.Release|Any CPU.ActiveCfg = Release|Any CPU
		{82B6360C-F453-4784-A949-2D6661E9706C}.Release|Any CPU.Build.0 = Release|Any CPU
		{76C042BA-5EE0-44ED-AC0A-05C4A60EFBB2}.Debug|Any CPU.ActiveCfg = Debug|Any CPU
		{76C042BA-5EE0-44ED-AC0A-05C4A60EFBB2}.Debug|Any CPU.Build.0 = Debug|Any CPU
		{76C042BA-5EE0-44ED-AC0A-05C4A60EFBB2}.Release|Any CPU.ActiveCfg = Release|Any CPU
		{76C042BA-5EE0-44ED-AC0A-05C4A60EFBB2}.Release|Any CPU.Build.0 = Release|Any CPU
		{1DDE917E-A4F3-4C11-BCD1-1B47165A28F8}.Debug|Any CPU.ActiveCfg = Debug|Any CPU
		{1DDE917E-A4F3-4C11-BCD1-1B47165A28F8}.Debug|Any CPU.Build.0 = Debug|Any CPU
		{1DDE917E-A4F3-4C11-BCD1-1B47165A28F8}.Release|Any CPU.ActiveCfg = Release|Any CPU
		{1DDE917E-A4F3-4C11-BCD1-1B47165A28F8}.Release|Any CPU.Build.0 = Release|Any CPU
		{A8FC6312-4A08-427E-813D-85641431C81E}.Debug|Any CPU.ActiveCfg = Debug|Any CPU
		{A8FC6312-4A08-427E-813D-85641431C81E}.Debug|Any CPU.Build.0 = Debug|Any CPU
		{A8FC6312-4A08-427E-813D-85641431C81E}.Release|Any CPU.ActiveCfg = Release|Any CPU
		{A8FC6312-4A08-427E-813D-85641431C81E}.Release|Any CPU.Build.0 = Release|Any CPU
		{0C2F83CD-3588-408C-AE4D-FFC186566E3A}.Debug|Any CPU.ActiveCfg = Debug|Any CPU
		{0C2F83CD-3588-408C-AE4D-FFC186566E3A}.Debug|Any CPU.Build.0 = Debug|Any CPU
		{0C2F83CD-3588-408C-AE4D-FFC186566E3A}.Release|Any CPU.ActiveCfg = Release|Any CPU
		{0C2F83CD-3588-408C-AE4D-FFC186566E3A}.Release|Any CPU.Build.0 = Release|Any CPU
		{E3C56266-93D9-45A7-B5E6-9BF971AD7258}.Debug|Any CPU.ActiveCfg = Debug|Any CPU
		{E3C56266-93D9-45A7-B5E6-9BF971AD7258}.Debug|Any CPU.Build.0 = Debug|Any CPU
		{E3C56266-93D9-45A7-B5E6-9BF971AD7258}.Release|Any CPU.ActiveCfg = Release|Any CPU
		{E3C56266-93D9-45A7-B5E6-9BF971AD7258}.Release|Any CPU.Build.0 = Release|Any CPU
		{7F9C4D65-EC4B-427A-A659-BD37BFB0453A}.Debug|Any CPU.ActiveCfg = Debug|Any CPU
		{7F9C4D65-EC4B-427A-A659-BD37BFB0453A}.Debug|Any CPU.Build.0 = Debug|Any CPU
		{7F9C4D65-EC4B-427A-A659-BD37BFB0453A}.Release|Any CPU.ActiveCfg = Release|Any CPU
		{7F9C4D65-EC4B-427A-A659-BD37BFB0453A}.Release|Any CPU.Build.0 = Release|Any CPU
		{9EA5A97B-171B-41F4-8863-1C5FF6EB9B9F}.Debug|Any CPU.ActiveCfg = Debug|Any CPU
		{9EA5A97B-171B-41F4-8863-1C5FF6EB9B9F}.Debug|Any CPU.Build.0 = Debug|Any CPU
		{9EA5A97B-171B-41F4-8863-1C5FF6EB9B9F}.Release|Any CPU.ActiveCfg = Release|Any CPU
		{9EA5A97B-171B-41F4-8863-1C5FF6EB9B9F}.Release|Any CPU.Build.0 = Release|Any CPU
		{AF04DCE6-F841-419D-9D1B-7A3AFEC332FA}.Debug|Any CPU.ActiveCfg = Debug|Any CPU
		{AF04DCE6-F841-419D-9D1B-7A3AFEC332FA}.Debug|Any CPU.Build.0 = Debug|Any CPU
		{AF04DCE6-F841-419D-9D1B-7A3AFEC332FA}.Release|Any CPU.ActiveCfg = Release|Any CPU
		{AF04DCE6-F841-419D-9D1B-7A3AFEC332FA}.Release|Any CPU.Build.0 = Release|Any CPU
		{4D9C1FD0-E300-4C33-9F10-0D05A3A23EEE}.Debug|Any CPU.ActiveCfg = Debug|Any CPU
		{4D9C1FD0-E300-4C33-9F10-0D05A3A23EEE}.Debug|Any CPU.Build.0 = Debug|Any CPU
		{4D9C1FD0-E300-4C33-9F10-0D05A3A23EEE}.Release|Any CPU.ActiveCfg = Release|Any CPU
		{4D9C1FD0-E300-4C33-9F10-0D05A3A23EEE}.Release|Any CPU.Build.0 = Release|Any CPU
		{6700A3ED-E28D-4746-B2C9-8FD4EBA6C249}.Debug|Any CPU.ActiveCfg = Debug|Any CPU
		{6700A3ED-E28D-4746-B2C9-8FD4EBA6C249}.Debug|Any CPU.Build.0 = Debug|Any CPU
		{6700A3ED-E28D-4746-B2C9-8FD4EBA6C249}.Release|Any CPU.ActiveCfg = Release|Any CPU
		{6700A3ED-E28D-4746-B2C9-8FD4EBA6C249}.Release|Any CPU.Build.0 = Release|Any CPU
		{936AB8E7-879A-4ACC-AC7C-5ADB08A01768}.Debug|Any CPU.ActiveCfg = Debug|Any CPU
		{936AB8E7-879A-4ACC-AC7C-5ADB08A01768}.Debug|Any CPU.Build.0 = Debug|Any CPU
		{936AB8E7-879A-4ACC-AC7C-5ADB08A01768}.Release|Any CPU.ActiveCfg = Release|Any CPU
		{936AB8E7-879A-4ACC-AC7C-5ADB08A01768}.Release|Any CPU.Build.0 = Release|Any CPU
		{A90E451E-F8A7-4A64-B120-CE0E28AA4B54}.Debug|Any CPU.ActiveCfg = Debug|Any CPU
		{A90E451E-F8A7-4A64-B120-CE0E28AA4B54}.Debug|Any CPU.Build.0 = Debug|Any CPU
		{A90E451E-F8A7-4A64-B120-CE0E28AA4B54}.Release|Any CPU.ActiveCfg = Release|Any CPU
		{A90E451E-F8A7-4A64-B120-CE0E28AA4B54}.Release|Any CPU.Build.0 = Release|Any CPU
		{953BE85B-9004-4F75-8083-399E227F8007}.Debug|Any CPU.ActiveCfg = Debug|Any CPU
		{953BE85B-9004-4F75-8083-399E227F8007}.Debug|Any CPU.Build.0 = Debug|Any CPU
		{953BE85B-9004-4F75-8083-399E227F8007}.Release|Any CPU.ActiveCfg = Release|Any CPU
		{953BE85B-9004-4F75-8083-399E227F8007}.Release|Any CPU.Build.0 = Release|Any CPU
	EndGlobalSection
	GlobalSection(SolutionProperties) = preSolution
		HideSolutionNode = FALSE
	EndGlobalSection
	GlobalSection(NestedProjects) = preSolution
		{13DCB894-4401-4396-A9D8-ACAC3C0311DC} = {0481F2DB-7D15-47CA-AE43-7A9DF77C6979}
		{006C3690-E188-4396-93DA-5B0FBCA7CD41} = {0481F2DB-7D15-47CA-AE43-7A9DF77C6979}
		{99778CFC-E7AA-44D9-B844-161061BEE25B} = {0481F2DB-7D15-47CA-AE43-7A9DF77C6979}
		{452C9B4B-8133-4ADF-91A6-970A594935A1} = {0481F2DB-7D15-47CA-AE43-7A9DF77C6979}
		{409B582F-BA9C-479D-BF46-C34C70858B10} = {0481F2DB-7D15-47CA-AE43-7A9DF77C6979}
		{01C90042-7605-42AC-A0FB-ABCB4A337857} = {0481F2DB-7D15-47CA-AE43-7A9DF77C6979}
		{EB845E11-BD33-42B6-8E35-653001206C95} = {0481F2DB-7D15-47CA-AE43-7A9DF77C6979}
		{CCB5FC63-36A0-44DE-83C8-B69DBBE104D5} = {0481F2DB-7D15-47CA-AE43-7A9DF77C6979}
		{01FA7E7B-F53A-47A3-8F70-1E304CE843A3} = {0481F2DB-7D15-47CA-AE43-7A9DF77C6979}
		{23A44DDE-CECB-4608-969E-87EDB6BFE78B} = {0481F2DB-7D15-47CA-AE43-7A9DF77C6979}
		{82B6360C-F453-4784-A949-2D6661E9706C} = {0481F2DB-7D15-47CA-AE43-7A9DF77C6979}
		{76C042BA-5EE0-44ED-AC0A-05C4A60EFBB2} = {0481F2DB-7D15-47CA-AE43-7A9DF77C6979}
		{1DDE917E-A4F3-4C11-BCD1-1B47165A28F8} = {0481F2DB-7D15-47CA-AE43-7A9DF77C6979}
		{A8FC6312-4A08-427E-813D-85641431C81E} = {0481F2DB-7D15-47CA-AE43-7A9DF77C6979}
		{0C2F83CD-3588-408C-AE4D-FFC186566E3A} = {0481F2DB-7D15-47CA-AE43-7A9DF77C6979}
		{E3C56266-93D9-45A7-B5E6-9BF971AD7258} = {0481F2DB-7D15-47CA-AE43-7A9DF77C6979}
		{7F9C4D65-EC4B-427A-A659-BD37BFB0453A} = {0481F2DB-7D15-47CA-AE43-7A9DF77C6979}
		{9EA5A97B-171B-41F4-8863-1C5FF6EB9B9F} = {0481F2DB-7D15-47CA-AE43-7A9DF77C6979}
		{AF04DCE6-F841-419D-9D1B-7A3AFEC332FA} = {3C49A09C-7D01-4ED9-92C0-1BF4210BF459}
		{4D9C1FD0-E300-4C33-9F10-0D05A3A23EEE} = {3C49A09C-7D01-4ED9-92C0-1BF4210BF459}
		{6700A3ED-E28D-4746-B2C9-8FD4EBA6C249} = {3C49A09C-7D01-4ED9-92C0-1BF4210BF459}
		{936AB8E7-879A-4ACC-AC7C-5ADB08A01768} = {3C49A09C-7D01-4ED9-92C0-1BF4210BF459}
		{A90E451E-F8A7-4A64-B120-CE0E28AA4B54} = {3C49A09C-7D01-4ED9-92C0-1BF4210BF459}
		{953BE85B-9004-4F75-8083-399E227F8007} = {3C49A09C-7D01-4ED9-92C0-1BF4210BF459}
	EndGlobalSection
	GlobalSection(ExtensibilityGlobals) = postSolution
		SolutionGuid = {97731F54-B1C7-494C-97CC-663CB895E349}
	EndGlobalSection
EndGlobal
